
Microsoft Visual Studio Solution File, Format Version 12.00
# Visual Studio 15
VisualStudioVersion = 15.0.27703.2042
MinimumVisualStudioVersion = 10.0.40219.1
Project("{9A19103F-16F7-4668-BE54-9A1E7A4F7556}") = "ERPCartonWeb", "ERPCartonWeb\ERPCartonWeb.csproj", "{5AA1C789-8D83-44B1-B6BF-FA3ACC898AB8}"
EndProject
Project("{FAE04EC0-301F-11D3-BF4B-00C04F79EFBC}") = "ERPCartonWeb.Data", "ERPCartonWeb.Data\ERPCartonWeb.Data.csproj", "{DE5CADD1-9D7F-4052-9FE8-1ACF4A7650AE}"
EndProject
Project("{FAE04EC0-301F-11D3-BF4B-00C04F79EFBC}") = "ERPCartonWeb.Infrastructure", "ERPCartonWeb.Infrastructure\ERPCartonWeb.Infrastructure.csproj", "{E16B2975-1660-4EA4-86FA-F4A513359D38}"
EndProject
Project("{FAE04EC0-301F-11D3-BF4B-00C04F79EFBC}") = "ERPCartonWeb.Utilities", "ERPCartonWeb.Utilities\ERPCartonWeb.Utilities.csproj", "{6AF5AAD8-01BC-406D-B3DA-B239EA937649}"
EndProject
Project("{FAE04EC0-301F-11D3-BF4B-00C04F79EFBC}") = "ERPCartonWeb.Data.EF", "ERPCartonWeb.Data.EF\ERPCartonWeb.Data.EF.csproj", "{1C1855DB-B502-450D-BC3D-08CEF53A608D}"
EndProject
Project("{FAE04EC0-301F-11D3-BF4B-00C04F79EFBC}") = "ERPCartonWeb.Application", "ERPCartonWeb.Application\ERPCartonWeb.Application.csproj", "{1FDD0EE0-1D2F-49EE-A7A6-C9F83244067C}"
EndProject
Project("{2150E333-8FDC-42A3-9474-1A3956D46DE8}") = "1 - Presentation", "1 - Presentation", "{E95BE756-2A4C-46E7-BB44-21E70F05473E}"
EndProject
Project("{2150E333-8FDC-42A3-9474-1A3956D46DE8}") = "2 - Application", "2 - Application", "{034F658D-5059-4DF7-9CB9-356AE0F6CE0A}"
EndProject
Project("{2150E333-8FDC-42A3-9474-1A3956D46DE8}") = "3 - Domain", "3 - Domain", "{3CE081C6-F592-4FFF-888B-04AE827A7789}"
EndProject
Project("{2150E333-8FDC-42A3-9474-1A3956D46DE8}") = "4 - Infrastructure", "4 - Infrastructure", "{16E753B7-99A5-4F5A-B495-3DED5A91239A}"
EndProject
Global
	GlobalSection(SolutionConfigurationPlatforms) = preSolution
		Debug|Any CPU = Debug|Any CPU
		Release|Any CPU = Release|Any CPU
	EndGlobalSection
	GlobalSection(ProjectConfigurationPlatforms) = postSolution
		{5AA1C789-8D83-44B1-B6BF-FA3ACC898AB8}.Debug|Any CPU.ActiveCfg = Debug|Any CPU
		{5AA1C789-8D83-44B1-B6BF-FA3ACC898AB8}.Debug|Any CPU.Build.0 = Debug|Any CPU
		{5AA1C789-8D83-44B1-B6BF-FA3ACC898AB8}.Release|Any CPU.ActiveCfg = Release|Any CPU
		{5AA1C789-8D83-44B1-B6BF-FA3ACC898AB8}.Release|Any CPU.Build.0 = Release|Any CPU
		{DE5CADD1-9D7F-4052-9FE8-1ACF4A7650AE}.Debug|Any CPU.ActiveCfg = Debug|Any CPU
		{DE5CADD1-9D7F-4052-9FE8-1ACF4A7650AE}.Debug|Any CPU.Build.0 = Debug|Any CPU
		{DE5CADD1-9D7F-4052-9FE8-1ACF4A7650AE}.Release|Any CPU.ActiveCfg = Release|Any CPU
		{DE5CADD1-9D7F-4052-9FE8-1ACF4A7650AE}.Release|Any CPU.Build.0 = Release|Any CPU
		{E16B2975-1660-4EA4-86FA-F4A513359D38}.Debug|Any CPU.ActiveCfg = Debug|Any CPU
		{E16B2975-1660-4EA4-86FA-F4A513359D38}.Debug|Any CPU.Build.0 = Debug|Any CPU
		{E16B2975-1660-4EA4-86FA-F4A513359D38}.Release|Any CPU.ActiveCfg = Release|Any CPU
		{E16B2975-1660-4EA4-86FA-F4A513359D38}.Release|Any CPU.Build.0 = Release|Any CPU
		{6AF5AAD8-01BC-406D-B3DA-B239EA937649}.Debug|Any CPU.ActiveCfg = Debug|Any CPU
		{6AF5AAD8-01BC-406D-B3DA-B239EA937649}.Debug|Any CPU.Build.0 = Debug|Any CPU
		{6AF5AAD8-01BC-406D-B3DA-B239EA937649}.Release|Any CPU.ActiveCfg = Release|Any CPU
		{6AF5AAD8-01BC-406D-B3DA-B239EA937649}.Release|Any CPU.Build.0 = Release|Any CPU
		{1C1855DB-B502-450D-BC3D-08CEF53A608D}.Debug|Any CPU.ActiveCfg = Debug|Any CPU
		{1C1855DB-B502-450D-BC3D-08CEF53A608D}.Debug|Any CPU.Build.0 = Debug|Any CPU
		{1C1855DB-B502-450D-BC3D-08CEF53A608D}.Release|Any CPU.ActiveCfg = Release|Any CPU
		{1C1855DB-B502-450D-BC3D-08CEF53A608D}.Release|Any CPU.Build.0 = Release|Any CPU
		{1FDD0EE0-1D2F-49EE-A7A6-C9F83244067C}.Debug|Any CPU.ActiveCfg = Debug|Any CPU
		{1FDD0EE0-1D2F-49EE-A7A6-C9F83244067C}.Debug|Any CPU.Build.0 = Debug|Any CPU
		{1FDD0EE0-1D2F-49EE-A7A6-C9F83244067C}.Release|Any CPU.ActiveCfg = Release|Any CPU
		{1FDD0EE0-1D2F-49EE-A7A6-C9F83244067C}.Release|Any CPU.Build.0 = Release|Any CPU
	EndGlobalSection
	GlobalSection(SolutionProperties) = preSolution
		HideSolutionNode = FALSE
	EndGlobalSection
	GlobalSection(NestedProjects) = preSolution
		{5AA1C789-8D83-44B1-B6BF-FA3ACC898AB8} = {E95BE756-2A4C-46E7-BB44-21E70F05473E}
		{DE5CADD1-9D7F-4052-9FE8-1ACF4A7650AE} = {3CE081C6-F592-4FFF-888B-04AE827A7789}
		{E16B2975-1660-4EA4-86FA-F4A513359D38} = {16E753B7-99A5-4F5A-B495-3DED5A91239A}
		{6AF5AAD8-01BC-406D-B3DA-B239EA937649} = {16E753B7-99A5-4F5A-B495-3DED5A91239A}
		{1C1855DB-B502-450D-BC3D-08CEF53A608D} = {3CE081C6-F592-4FFF-888B-04AE827A7789}
		{1FDD0EE0-1D2F-49EE-A7A6-C9F83244067C} = {034F658D-5059-4DF7-9CB9-356AE0F6CE0A}
	EndGlobalSection
	GlobalSection(ExtensibilityGlobals) = postSolution
		SolutionGuid = {DA25FA54-8E37-45C1-878A-1C193FFE968C}
	EndGlobalSection
EndGlobal
